
Microsoft Visual Studio Solution File, Format Version 12.00
# Visual Studio Version 16
VisualStudioVersion = 16.0.30114.105
MinimumVisualStudioVersion = 10.0.40219.1
Project("{FAE04EC0-301F-11D3-BF4B-00C04F79EFBC}") = "fpsample-csharp.Lib", "fpsample-csharp.Lib\fpsample-csharp.Lib.csproj", "{EEA62502-5BE5-4108-804D-D93247E5F7D1}"
EndProject
Project("{FAE04EC0-301F-11D3-BF4B-00C04F79EFBC}") = "fpsample-csharp.App", "fpsample-csharp.App\fpsample-csharp.App.csproj", "{0D30FE6D-DC19-42E7-9A66-57C6B85EE327}"
EndProject
Project("{FAE04EC0-301F-11D3-BF4B-00C04F79EFBC}") = "fpsample-csharp.Test", "fpsample-csharp.Test\fpsample-csharp.Test.csproj", "{6846B548-9C2B-4A3D-AB44-EEB3E75A1794}"
EndProject
Global
	GlobalSection(SolutionProperties) = preSolution
		HideSolutionNode = FALSE
	EndGlobalSection
	GlobalSection(SolutionConfigurationPlatforms) = preSolution
		Debug|Any CPU = Debug|Any CPU
		Debug|x64 = Debug|x64
		Debug|x86 = Debug|x86
		Release|Any CPU = Release|Any CPU
		Release|x64 = Release|x64
		Release|x86 = Release|x86
	EndGlobalSection
	GlobalSection(ProjectConfigurationPlatforms) = postSolution
		{EEA62502-5BE5-4108-804D-D93247E5F7D1}.Debug|Any CPU.ActiveCfg = Debug|Any CPU
		{EEA62502-5BE5-4108-804D-D93247E5F7D1}.Debug|Any CPU.Build.0 = Debug|Any CPU
		{EEA62502-5BE5-4108-804D-D93247E5F7D1}.Debug|x64.ActiveCfg = Debug|Any CPU
		{EEA62502-5BE5-4108-804D-D93247E5F7D1}.Debug|x64.Build.0 = Debug|Any CPU
		{EEA62502-5BE5-4108-804D-D93247E5F7D1}.Debug|x86.ActiveCfg = Debug|Any CPU
		{EEA62502-5BE5-4108-804D-D93247E5F7D1}.Debug|x86.Build.0 = Debug|Any CPU
		{EEA62502-5BE5-4108-804D-D93247E5F7D1}.Release|Any CPU.ActiveCfg = Release|Any CPU
		{EEA62502-5BE5-4108-804D-D93247E5F7D1}.Release|Any CPU.Build.0 = Release|Any CPU
		{EEA62502-5BE5-4108-804D-D93247E5F7D1}.Release|x64.ActiveCfg = Release|Any CPU
		{EEA62502-5BE5-4108-804D-D93247E5F7D1}.Release|x64.Build.0 = Release|Any CPU
		{EEA62502-5BE5-4108-804D-D93247E5F7D1}.Release|x86.ActiveCfg = Release|Any CPU
		{EEA62502-5BE5-4108-804D-D93247E5F7D1}.Release|x86.Build.0 = Release|Any CPU
		{0D30FE6D-DC19-42E7-9A66-57C6B85EE327}.Debug|Any CPU.ActiveCfg = Debug|Any CPU
		{0D30FE6D-DC19-42E7-9A66-57C6B85EE327}.Debug|Any CPU.Build.0 = Debug|Any CPU
		{0D30FE6D-DC19-42E7-9A66-57C6B85EE327}.Debug|x64.ActiveCfg = Debug|Any CPU
		{0D30FE6D-DC19-42E7-9A66-57C6B85EE327}.Debug|x64.Build.0 = Debug|Any CPU
		{0D30FE6D-DC19-42E7-9A66-57C6B85EE327}.Debug|x86.ActiveCfg = Debug|Any CPU
		{0D30FE6D-DC19-42E7-9A66-57C6B85EE327}.Debug|x86.Build.0 = Debug|Any CPU
		{0D30FE6D-DC19-42E7-9A66-57C6B85EE327}.Release|Any CPU.ActiveCfg = Release|Any CPU
		{0D30FE6D-DC19-42E7-9A66-57C6B85EE327}.Release|Any CPU.Build.0 = Release|Any CPU
		{0D30FE6D-DC19-42E7-9A66-57C6B85EE327}.Release|x64.ActiveCfg = Release|Any CPU
		{0D30FE6D-DC19-42E7-9A66-57C6B85EE327}.Release|x64.Build.0 = Release|Any CPU
		{0D30FE6D-DC19-42E7-9A66-57C6B85EE327}.Release|x86.ActiveCfg = Release|Any CPU
		{0D30FE6D-DC19-42E7-9A66-57C6B85EE327}.Release|x86.Build.0 = Release|Any CPU
		{6846B548-9C2B-4A3D-AB44-EEB3E75A1794}.Debug|Any CPU.ActiveCfg = Debug|Any CPU
		{6846B548-9C2B-4A3D-AB44-EEB3E75A1794}.Debug|Any CPU.Build.0 = Debug|Any CPU
		{6846B548-9C2B-4A3D-AB44-EEB3E75A1794}.Debug|x64.ActiveCfg = Debug|Any CPU
		{6846B548-9C2B-4A3D-AB44-EEB3E75A1794}.Debug|x64.Build.0 = Debug|Any CPU
		{6846B548-9C2B-4A3D-AB44-EEB3E75A1794}.Debug|x86.ActiveCfg = Debug|Any CPU
		{6846B548-9C2B-4A3D-AB44-EEB3E75A1794}.Debug|x86.Build.0 = Debug|Any CPU
		{6846B548-9C2B-4A3D-AB44-EEB3E75A1794}.Release|Any CPU.ActiveCfg = Release|Any CPU
		{6846B548-9C2B-4A3D-AB44-EEB3E75A1794}.Release|Any CPU.Build.0 = Release|Any CPU
		{6846B548-9C2B-4A3D-AB44-EEB3E75A1794}.Release|x64.ActiveCfg = Release|Any CPU
		{6846B548-9C2B-4A3D-AB44-EEB3E75A1794}.Release|x64.Build.0 = Release|Any CPU
		{6846B548-9C2B-4A3D-AB44-EEB3E75A1794}.Release|x86.ActiveCfg = Release|Any CPU
		{6846B548-9C2B-4A3D-AB44-EEB3E75A1794}.Release|x86.Build.0 = Release|Any CPU
	EndGlobalSection
EndGlobal
